{
  "pins" : [
    {
      "identity" : "keychainaccess",
      "kind" : "remoteSourceControl",
      "location" : "https://github.com/kishikawakatsumi/KeychainAccess",
      "state" : {
        "branch" : "v4.2.2",
        "revision" : "84e546727d66f1adc5439debad16270d0fdd04e7"
      }
    },
    {
      "identity" : "swift-argument-parser",
      "kind" : "remoteSourceControl",
      "location" : "https://github.com/apple/swift-argument-parser",
      "state" : {
        "branch" : "1.1.4",
        "revision" : "9f39744e025c7d377987f30b03770805dcb0bcd1"
      }
    },
    {
      "identity" : "zipfoundation",
      "kind" : "remoteSourceControl",
      "location" : "https://github.com/weichsel/ZIPFoundation",
      "state" : {
        "branch" : "0.9.15",
        "revision" : "f6a22e7da26314b38bf9befce34ae8e4b2543090"
      }
    }
  ],
  "version" : 2
}
