{
  "pins" : [
    {
      "identity" : "keychainaccess",
      "kind" : "remoteSourceControl",
      "location" : "https://github.com/kishikawakatsumi/KeychainAccess",
      "state" : {
        "branch" : "v4.2.2",
        "revision" : "84e546727d66f1adc5439debad16270d0fdd04e7"
      }
    },
    {
      "identity" : "swift-argument-parser",
      "kind" : "remoteSourceControl",
      "location" : "https://github.com/apple/swift-argument-parser",
      "state" : {
        "branch" : "1.1.2",
        "revision" : "f3c9084a71ef4376f2fabbdf1d3d90a49f1fabdb"
      }
    },
    {
      "identity" : "zipfoundation",
      "kind" : "remoteSourceControl",
      "location" : "https://github.com/weichsel/ZIPFoundation",
      "state" : {
        "branch" : "0.9.14",
        "revision" : "7254c74b49cec2cb81520523ba993c671f71b066"
      }
    }
  ],
  "version" : 2
}
