// !$*UTF8*$!
{
	archiveVersion = 1;
	classes = {
	};
	objectVersion = 52;
	objects = {

/* Begin PBXBuildFile section */
		A9CA48C22658F93F00BC09D5 /* main.swift in Sources */ = {isa = PBXBuildFile; fileRef = A9CA48C12658F93F00BC09D5 /* main.swift */; };
		A9CA48CA2658FB6900BC09D5 /* ArgumentParser in Frameworks */ = {isa = PBXBuildFile; productRef = A9CA48C92658FB6900BC09D5 /* ArgumentParser */; };
		A9CA48CD2658FBF700BC09D5 /* Download.swift in Sources */ = {isa = PBXBuildFile; fileRef = A9CA48CC2658FBF700BC09D5 /* Download.swift */; };
		A9CA48CF2658FC7400BC09D5 /* IPATool.swift in Sources */ = {isa = PBXBuildFile; fileRef = A9CA48CE2658FC7400BC09D5 /* IPATool.swift */; };
		A9CA48D2265913B300BC09D5 /* HTTPRequest.swift in Sources */ = {isa = PBXBuildFile; fileRef = A9CA48D1265913B300BC09D5 /* HTTPRequest.swift */; };
		A9CA48D626591AC200BC09D5 /* HTTPClient.swift in Sources */ = {isa = PBXBuildFile; fileRef = A9CA48D526591AC200BC09D5 /* HTTPClient.swift */; };
		A9CA48D826591B0400BC09D5 /* URLSession.swift in Sources */ = {isa = PBXBuildFile; fileRef = A9CA48D726591B0400BC09D5 /* URLSession.swift */; };
		A9CA48DA26591CE200BC09D5 /* HTTPMethod.swift in Sources */ = {isa = PBXBuildFile; fileRef = A9CA48D926591CE200BC09D5 /* HTTPMethod.swift */; };
		A9CA48DC26591CF100BC09D5 /* HTTPPayload.swift in Sources */ = {isa = PBXBuildFile; fileRef = A9CA48DB26591CF100BC09D5 /* HTTPPayload.swift */; };
		A9CA48DE26591D6A00BC09D5 /* HTTPEndpoint.swift in Sources */ = {isa = PBXBuildFile; fileRef = A9CA48DD26591D6A00BC09D5 /* HTTPEndpoint.swift */; };
		A9CA48E026591E4000BC09D5 /* HTTPResponse.swift in Sources */ = {isa = PBXBuildFile; fileRef = A9CA48DF26591E4000BC09D5 /* HTTPResponse.swift */; };
		A9CA48E3265926D200BC09D5 /* iTunesClient.swift in Sources */ = {isa = PBXBuildFile; fileRef = A9CA48E2265926D200BC09D5 /* iTunesClient.swift */; };
		A9CA48E5265926DB00BC09D5 /* iTunesRequest.swift in Sources */ = {isa = PBXBuildFile; fileRef = A9CA48E4265926DB00BC09D5 /* iTunesRequest.swift */; };
		A9CA48E72659273700BC09D5 /* iTunesEndpoint.swift in Sources */ = {isa = PBXBuildFile; fileRef = A9CA48E62659273700BC09D5 /* iTunesEndpoint.swift */; };
		A9CA48E92659281F00BC09D5 /* iTunesResponse.swift in Sources */ = {isa = PBXBuildFile; fileRef = A9CA48E82659281F00BC09D5 /* iTunesResponse.swift */; };
		A9CA48EC26592DD100BC09D5 /* StoreClient.swift in Sources */ = {isa = PBXBuildFile; fileRef = A9CA48EB26592DD100BC09D5 /* StoreClient.swift */; };
		A9CA48EE26592DD800BC09D5 /* StoreEndpoint.swift in Sources */ = {isa = PBXBuildFile; fileRef = A9CA48ED26592DD800BC09D5 /* StoreEndpoint.swift */; };
		A9CA48F026592DE100BC09D5 /* StoreRequest.swift in Sources */ = {isa = PBXBuildFile; fileRef = A9CA48EF26592DE100BC09D5 /* StoreRequest.swift */; };
		A9CA48F22659317E00BC09D5 /* StoreResponse.swift in Sources */ = {isa = PBXBuildFile; fileRef = A9CA48F12659317E00BC09D5 /* StoreResponse.swift */; };
		A9CA48F52659423C00BC09D5 /* ZIPFoundation in Frameworks */ = {isa = PBXBuildFile; productRef = A9CA48F42659423C00BC09D5 /* ZIPFoundation */; };
		A9CA48F8265942D500BC09D5 /* SignatureClient.swift in Sources */ = {isa = PBXBuildFile; fileRef = A9CA48F7265942D500BC09D5 /* SignatureClient.swift */; };
		A9CA48FA2659478600BC09D5 /* HTTPDownloadClient.swift in Sources */ = {isa = PBXBuildFile; fileRef = A9CA48F92659478600BC09D5 /* HTTPDownloadClient.swift */; };
		A9CA48FD26594B5F00BC09D5 /* Logging.swift in Sources */ = {isa = PBXBuildFile; fileRef = A9CA48FC26594B5F00BC09D5 /* Logging.swift */; };
		A9CA48FF26594B7A00BC09D5 /* LogLevel.swift in Sources */ = {isa = PBXBuildFile; fileRef = A9CA48FE26594B7A00BC09D5 /* LogLevel.swift */; };
		A9CA490126594BB000BC09D5 /* ConsoleLogger.swift in Sources */ = {isa = PBXBuildFile; fileRef = A9CA490026594BB000BC09D5 /* ConsoleLogger.swift */; };
		A9CA49032659627A00BC09D5 /* Search.swift in Sources */ = {isa = PBXBuildFile; fileRef = A9CA49022659627A00BC09D5 /* Search.swift */; };
/* End PBXBuildFile section */

/* Begin PBXCopyFilesBuildPhase section */
		A9CA48BC2658F93F00BC09D5 /* CopyFiles */ = {
			isa = PBXCopyFilesBuildPhase;
			buildActionMask = 2147483647;
			dstPath = /usr/share/man/man1/;
			dstSubfolderSpec = 0;
			files = (
			);
			runOnlyForDeploymentPostprocessing = 1;
		};
/* End PBXCopyFilesBuildPhase section */

/* Begin PBXFileReference section */
		A9CA48BE2658F93F00BC09D5 /* ipatool */ = {isa = PBXFileReference; explicitFileType = "compiled.mach-o.executable"; includeInIndex = 0; path = ipatool; sourceTree = BUILT_PRODUCTS_DIR; };
		A9CA48C12658F93F00BC09D5 /* main.swift */ = {isa = PBXFileReference; lastKnownFileType = sourcecode.swift; path = main.swift; sourceTree = "<group>"; };
		A9CA48CC2658FBF700BC09D5 /* Download.swift */ = {isa = PBXFileReference; lastKnownFileType = sourcecode.swift; path = Download.swift; sourceTree = "<group>"; };
		A9CA48CE2658FC7400BC09D5 /* IPATool.swift */ = {isa = PBXFileReference; lastKnownFileType = sourcecode.swift; path = IPATool.swift; sourceTree = "<group>"; };
		A9CA48D1265913B300BC09D5 /* HTTPRequest.swift */ = {isa = PBXFileReference; lastKnownFileType = sourcecode.swift; path = HTTPRequest.swift; sourceTree = "<group>"; };
		A9CA48D526591AC200BC09D5 /* HTTPClient.swift */ = {isa = PBXFileReference; lastKnownFileType = sourcecode.swift; path = HTTPClient.swift; sourceTree = "<group>"; };
		A9CA48D726591B0400BC09D5 /* URLSession.swift */ = {isa = PBXFileReference; lastKnownFileType = sourcecode.swift; path = URLSession.swift; sourceTree = "<group>"; };
		A9CA48D926591CE200BC09D5 /* HTTPMethod.swift */ = {isa = PBXFileReference; lastKnownFileType = sourcecode.swift; path = HTTPMethod.swift; sourceTree = "<group>"; };
		A9CA48DB26591CF100BC09D5 /* HTTPPayload.swift */ = {isa = PBXFileReference; lastKnownFileType = sourcecode.swift; path = HTTPPayload.swift; sourceTree = "<group>"; };
		A9CA48DD26591D6A00BC09D5 /* HTTPEndpoint.swift */ = {isa = PBXFileReference; lastKnownFileType = sourcecode.swift; path = HTTPEndpoint.swift; sourceTree = "<group>"; };
		A9CA48DF26591E4000BC09D5 /* HTTPResponse.swift */ = {isa = PBXFileReference; lastKnownFileType = sourcecode.swift; path = HTTPResponse.swift; sourceTree = "<group>"; };
		A9CA48E2265926D200BC09D5 /* iTunesClient.swift */ = {isa = PBXFileReference; lastKnownFileType = sourcecode.swift; path = iTunesClient.swift; sourceTree = "<group>"; };
		A9CA48E4265926DB00BC09D5 /* iTunesRequest.swift */ = {isa = PBXFileReference; lastKnownFileType = sourcecode.swift; path = iTunesRequest.swift; sourceTree = "<group>"; };
		A9CA48E62659273700BC09D5 /* iTunesEndpoint.swift */ = {isa = PBXFileReference; lastKnownFileType = sourcecode.swift; path = iTunesEndpoint.swift; sourceTree = "<group>"; };
		A9CA48E82659281F00BC09D5 /* iTunesResponse.swift */ = {isa = PBXFileReference; lastKnownFileType = sourcecode.swift; path = iTunesResponse.swift; sourceTree = "<group>"; };
		A9CA48EB26592DD100BC09D5 /* StoreClient.swift */ = {isa = PBXFileReference; lastKnownFileType = sourcecode.swift; path = StoreClient.swift; sourceTree = "<group>"; };
		A9CA48ED26592DD800BC09D5 /* StoreEndpoint.swift */ = {isa = PBXFileReference; lastKnownFileType = sourcecode.swift; path = StoreEndpoint.swift; sourceTree = "<group>"; };
		A9CA48EF26592DE100BC09D5 /* StoreRequest.swift */ = {isa = PBXFileReference; lastKnownFileType = sourcecode.swift; path = StoreRequest.swift; sourceTree = "<group>"; };
		A9CA48F12659317E00BC09D5 /* StoreResponse.swift */ = {isa = PBXFileReference; lastKnownFileType = sourcecode.swift; path = StoreResponse.swift; sourceTree = "<group>"; };
		A9CA48F7265942D500BC09D5 /* SignatureClient.swift */ = {isa = PBXFileReference; lastKnownFileType = sourcecode.swift; path = SignatureClient.swift; sourceTree = "<group>"; };
		A9CA48F92659478600BC09D5 /* HTTPDownloadClient.swift */ = {isa = PBXFileReference; lastKnownFileType = sourcecode.swift; path = HTTPDownloadClient.swift; sourceTree = "<group>"; };
		A9CA48FC26594B5F00BC09D5 /* Logging.swift */ = {isa = PBXFileReference; lastKnownFileType = sourcecode.swift; path = Logging.swift; sourceTree = "<group>"; };
		A9CA48FE26594B7A00BC09D5 /* LogLevel.swift */ = {isa = PBXFileReference; lastKnownFileType = sourcecode.swift; path = LogLevel.swift; sourceTree = "<group>"; };
		A9CA490026594BB000BC09D5 /* ConsoleLogger.swift */ = {isa = PBXFileReference; lastKnownFileType = sourcecode.swift; path = ConsoleLogger.swift; sourceTree = "<group>"; };
		A9CA49022659627A00BC09D5 /* Search.swift */ = {isa = PBXFileReference; lastKnownFileType = sourcecode.swift; path = Search.swift; sourceTree = "<group>"; };
/* End PBXFileReference section */

/* Begin PBXFrameworksBuildPhase section */
		A9CA48BB2658F93F00BC09D5 /* Frameworks */ = {
			isa = PBXFrameworksBuildPhase;
			buildActionMask = 2147483647;
			files = (
				A9CA48CA2658FB6900BC09D5 /* ArgumentParser in Frameworks */,
				A9CA48F52659423C00BC09D5 /* ZIPFoundation in Frameworks */,
			);
			runOnlyForDeploymentPostprocessing = 0;
		};
/* End PBXFrameworksBuildPhase section */

/* Begin PBXGroup section */
		A9CA48B52658F93F00BC09D5 = {
			isa = PBXGroup;
			children = (
				A9CA48C02658F93F00BC09D5 /* Source */,
				A9CA48BF2658F93F00BC09D5 /* Products */,
			);
			sourceTree = "<group>";
		};
		A9CA48BF2658F93F00BC09D5 /* Products */ = {
			isa = PBXGroup;
			children = (
				A9CA48BE2658F93F00BC09D5 /* ipatool */,
			);
			name = Products;
			sourceTree = "<group>";
		};
		A9CA48C02658F93F00BC09D5 /* Source */ = {
			isa = PBXGroup;
			children = (
				A9CA48CB2658FBEB00BC09D5 /* Commands */,
				A9CA48E1265926BF00BC09D5 /* iTunes */,
				A9CA48FB26594B5600BC09D5 /* Logger */,
				A9CA48D02659138600BC09D5 /* Networking */,
				A9CA48F6265942A600BC09D5 /* Signature */,
				A9CA48EA265929E000BC09D5 /* Store */,
				A9CA48CE2658FC7400BC09D5 /* IPATool.swift */,
				A9CA48C12658F93F00BC09D5 /* main.swift */,
			);
			path = Source;
			sourceTree = "<group>";
		};
		A9CA48CB2658FBEB00BC09D5 /* Commands */ = {
			isa = PBXGroup;
			children = (
				A9CA48CC2658FBF700BC09D5 /* Download.swift */,
				A9CA49022659627A00BC09D5 /* Search.swift */,
			);
			path = Commands;
			sourceTree = "<group>";
		};
		A9CA48D02659138600BC09D5 /* Networking */ = {
			isa = PBXGroup;
			children = (
				A9CA48D526591AC200BC09D5 /* HTTPClient.swift */,
				A9CA48F92659478600BC09D5 /* HTTPDownloadClient.swift */,
				A9CA48DD26591D6A00BC09D5 /* HTTPEndpoint.swift */,
				A9CA48D926591CE200BC09D5 /* HTTPMethod.swift */,
				A9CA48DB26591CF100BC09D5 /* HTTPPayload.swift */,
				A9CA48D1265913B300BC09D5 /* HTTPRequest.swift */,
				A9CA48DF26591E4000BC09D5 /* HTTPResponse.swift */,
				A9CA48D726591B0400BC09D5 /* URLSession.swift */,
			);
			path = Networking;
			sourceTree = "<group>";
		};
		A9CA48E1265926BF00BC09D5 /* iTunes */ = {
			isa = PBXGroup;
			children = (
				A9CA48E2265926D200BC09D5 /* iTunesClient.swift */,
				A9CA48E62659273700BC09D5 /* iTunesEndpoint.swift */,
				A9CA48E4265926DB00BC09D5 /* iTunesRequest.swift */,
				A9CA48E82659281F00BC09D5 /* iTunesResponse.swift */,
			);
			path = iTunes;
			sourceTree = "<group>";
		};
		A9CA48EA265929E000BC09D5 /* Store */ = {
			isa = PBXGroup;
			children = (
				A9CA48EB26592DD100BC09D5 /* StoreClient.swift */,
				A9CA48ED26592DD800BC09D5 /* StoreEndpoint.swift */,
				A9CA48EF26592DE100BC09D5 /* StoreRequest.swift */,
				A9CA48F12659317E00BC09D5 /* StoreResponse.swift */,
			);
			path = Store;
			sourceTree = "<group>";
		};
		A9CA48F6265942A600BC09D5 /* Signature */ = {
			isa = PBXGroup;
			children = (
				A9CA48F7265942D500BC09D5 /* SignatureClient.swift */,
			);
			path = Signature;
			sourceTree = "<group>";
		};
		A9CA48FB26594B5600BC09D5 /* Logger */ = {
			isa = PBXGroup;
			children = (
				A9CA48FC26594B5F00BC09D5 /* Logging.swift */,
				A9CA48FE26594B7A00BC09D5 /* LogLevel.swift */,
				A9CA490026594BB000BC09D5 /* ConsoleLogger.swift */,
			);
			path = Logger;
			sourceTree = "<group>";
		};
/* End PBXGroup section */

/* Begin PBXNativeTarget section */
		A9CA48BD2658F93F00BC09D5 /* IPATool */ = {
			isa = PBXNativeTarget;
			buildConfigurationList = A9CA48C52658F93F00BC09D5 /* Build configuration list for PBXNativeTarget "IPATool" */;
			buildPhases = (
				A9CA48BA2658F93F00BC09D5 /* Sources */,
				A9CA48BB2658F93F00BC09D5 /* Frameworks */,
				A9CA48BC2658F93F00BC09D5 /* CopyFiles */,
			);
			buildRules = (
			);
			dependencies = (
			);
			name = IPATool;
			packageProductDependencies = (
				A9CA48C92658FB6900BC09D5 /* ArgumentParser */,
				A9CA48F42659423C00BC09D5 /* ZIPFoundation */,
			);
			productName = ipatool;
			productReference = A9CA48BE2658F93F00BC09D5 /* ipatool */;
			productType = "com.apple.product-type.tool";
		};
/* End PBXNativeTarget section */

/* Begin PBXProject section */
		A9CA48B62658F93F00BC09D5 /* Project object */ = {
			isa = PBXProject;
			attributes = {
				LastSwiftUpdateCheck = 1250;
				LastUpgradeCheck = 1250;
				TargetAttributes = {
					A9CA48BD2658F93F00BC09D5 = {
						CreatedOnToolsVersion = 12.5;
					};
				};
			};
			buildConfigurationList = A9CA48B92658F93F00BC09D5 /* Build configuration list for PBXProject "ipatool" */;
			compatibilityVersion = "Xcode 9.3";
			developmentRegion = en;
			hasScannedForEncodings = 0;
			knownRegions = (
				en,
				Base,
			);
			mainGroup = A9CA48B52658F93F00BC09D5;
			packageReferences = (
				A9CA48C82658FB6900BC09D5 /* XCRemoteSwiftPackageReference "swift-argument-parser" */,
				A9CA48F32659423C00BC09D5 /* XCRemoteSwiftPackageReference "ZIPFoundation" */,
			);
			productRefGroup = A9CA48BF2658F93F00BC09D5 /* Products */;
			projectDirPath = "";
			projectRoot = "";
			targets = (
				A9CA48BD2658F93F00BC09D5 /* IPATool */,
			);
		};
/* End PBXProject section */

/* Begin PBXSourcesBuildPhase section */
		A9CA48BA2658F93F00BC09D5 /* Sources */ = {
			isa = PBXSourcesBuildPhase;
			buildActionMask = 2147483647;
			files = (
				A9CA48CF2658FC7400BC09D5 /* IPATool.swift in Sources */,
				A9CA48DE26591D6A00BC09D5 /* HTTPEndpoint.swift in Sources */,
				A9CA48E026591E4000BC09D5 /* HTTPResponse.swift in Sources */,
				A9CA48D626591AC200BC09D5 /* HTTPClient.swift in Sources */,
				A9CA48DA26591CE200BC09D5 /* HTTPMethod.swift in Sources */,
				A9CA48E3265926D200BC09D5 /* iTunesClient.swift in Sources */,
				A9CA48F026592DE100BC09D5 /* StoreRequest.swift in Sources */,
				A9CA48D826591B0400BC09D5 /* URLSession.swift in Sources */,
				A9CA48E5265926DB00BC09D5 /* iTunesRequest.swift in Sources */,
				A9CA48D2265913B300BC09D5 /* HTTPRequest.swift in Sources */,
				A9CA48FD26594B5F00BC09D5 /* Logging.swift in Sources */,
				A9CA48C22658F93F00BC09D5 /* main.swift in Sources */,
				A9CA48EC26592DD100BC09D5 /* StoreClient.swift in Sources */,
				A9CA490126594BB000BC09D5 /* ConsoleLogger.swift in Sources */,
				A9CA48F8265942D500BC09D5 /* SignatureClient.swift in Sources */,
				A9CA48E92659281F00BC09D5 /* iTunesResponse.swift in Sources */,
				A9CA48FF26594B7A00BC09D5 /* LogLevel.swift in Sources */,
				A9CA48EE26592DD800BC09D5 /* StoreEndpoint.swift in Sources */,
				A9CA48DC26591CF100BC09D5 /* HTTPPayload.swift in Sources */,
				A9CA48E72659273700BC09D5 /* iTunesEndpoint.swift in Sources */,
				A9CA48F22659317E00BC09D5 /* StoreResponse.swift in Sources */,
				A9CA49032659627A00BC09D5 /* Search.swift in Sources */,
				A9CA48FA2659478600BC09D5 /* HTTPDownloadClient.swift in Sources */,
				A9CA48CD2658FBF700BC09D5 /* Download.swift in Sources */,
			);
			runOnlyForDeploymentPostprocessing = 0;
		};
/* End PBXSourcesBuildPhase section */

/* Begin XCBuildConfiguration section */
		A9CA48C32658F93F00BC09D5 /* Debug */ = {
			isa = XCBuildConfiguration;
			buildSettings = {
				ALWAYS_SEARCH_USER_PATHS = NO;
				CLANG_ANALYZER_NONNULL = YES;
				CLANG_ANALYZER_NUMBER_OBJECT_CONVERSION = YES_AGGRESSIVE;
				CLANG_CXX_LANGUAGE_STANDARD = "gnu++14";
				CLANG_CXX_LIBRARY = "libc++";
				CLANG_ENABLE_MODULES = YES;
				CLANG_ENABLE_OBJC_ARC = YES;
				CLANG_ENABLE_OBJC_WEAK = YES;
				CLANG_WARN_BLOCK_CAPTURE_AUTORELEASING = YES;
				CLANG_WARN_BOOL_CONVERSION = YES;
				CLANG_WARN_COMMA = YES;
				CLANG_WARN_CONSTANT_CONVERSION = YES;
				CLANG_WARN_DEPRECATED_OBJC_IMPLEMENTATIONS = YES;
				CLANG_WARN_DIRECT_OBJC_ISA_USAGE = YES_ERROR;
				CLANG_WARN_DOCUMENTATION_COMMENTS = YES;
				CLANG_WARN_EMPTY_BODY = YES;
				CLANG_WARN_ENUM_CONVERSION = YES;
				CLANG_WARN_INFINITE_RECURSION = YES;
				CLANG_WARN_INT_CONVERSION = YES;
				CLANG_WARN_NON_LITERAL_NULL_CONVERSION = YES;
				CLANG_WARN_OBJC_IMPLICIT_RETAIN_SELF = YES;
				CLANG_WARN_OBJC_LITERAL_CONVERSION = YES;
				CLANG_WARN_OBJC_ROOT_CLASS = YES_ERROR;
				CLANG_WARN_QUOTED_INCLUDE_IN_FRAMEWORK_HEADER = YES;
				CLANG_WARN_RANGE_LOOP_ANALYSIS = YES;
				CLANG_WARN_STRICT_PROTOTYPES = YES;
				CLANG_WARN_SUSPICIOUS_MOVE = YES;
				CLANG_WARN_UNGUARDED_AVAILABILITY = YES_AGGRESSIVE;
				CLANG_WARN_UNREACHABLE_CODE = YES;
				CLANG_WARN__DUPLICATE_METHOD_MATCH = YES;
				COPY_PHASE_STRIP = NO;
				DEBUG_INFORMATION_FORMAT = dwarf;
				ENABLE_STRICT_OBJC_MSGSEND = YES;
				ENABLE_TESTABILITY = YES;
				GCC_C_LANGUAGE_STANDARD = gnu11;
				GCC_DYNAMIC_NO_PIC = NO;
				GCC_NO_COMMON_BLOCKS = YES;
				GCC_OPTIMIZATION_LEVEL = 0;
				GCC_PREPROCESSOR_DEFINITIONS = (
					"DEBUG=1",
					"$(inherited)",
				);
				GCC_WARN_64_TO_32_BIT_CONVERSION = YES;
				GCC_WARN_ABOUT_RETURN_TYPE = YES_ERROR;
				GCC_WARN_UNDECLARED_SELECTOR = YES;
				GCC_WARN_UNINITIALIZED_AUTOS = YES_AGGRESSIVE;
				GCC_WARN_UNUSED_FUNCTION = YES;
				GCC_WARN_UNUSED_VARIABLE = YES;
				MACOSX_DEPLOYMENT_TARGET = 11.3;
				MTL_ENABLE_DEBUG_INFO = INCLUDE_SOURCE;
				MTL_FAST_MATH = YES;
				ONLY_ACTIVE_ARCH = YES;
				SDKROOT = macosx;
				SWIFT_ACTIVE_COMPILATION_CONDITIONS = DEBUG;
				SWIFT_OPTIMIZATION_LEVEL = "-Onone";
			};
			name = Debug;
		};
		A9CA48C42658F93F00BC09D5 /* Release */ = {
			isa = XCBuildConfiguration;
			buildSettings = {
				ALWAYS_SEARCH_USER_PATHS = NO;
				CLANG_ANALYZER_NONNULL = YES;
				CLANG_ANALYZER_NUMBER_OBJECT_CONVERSION = YES_AGGRESSIVE;
				CLANG_CXX_LANGUAGE_STANDARD = "gnu++14";
				CLANG_CXX_LIBRARY = "libc++";
				CLANG_ENABLE_MODULES = YES;
				CLANG_ENABLE_OBJC_ARC = YES;
				CLANG_ENABLE_OBJC_WEAK = YES;
				CLANG_WARN_BLOCK_CAPTURE_AUTORELEASING = YES;
				CLANG_WARN_BOOL_CONVERSION = YES;
				CLANG_WARN_COMMA = YES;
				CLANG_WARN_CONSTANT_CONVERSION = YES;
				CLANG_WARN_DEPRECATED_OBJC_IMPLEMENTATIONS = YES;
				CLANG_WARN_DIRECT_OBJC_ISA_USAGE = YES_ERROR;
				CLANG_WARN_DOCUMENTATION_COMMENTS = YES;
				CLANG_WARN_EMPTY_BODY = YES;
				CLANG_WARN_ENUM_CONVERSION = YES;
				CLANG_WARN_INFINITE_RECURSION = YES;
				CLANG_WARN_INT_CONVERSION = YES;
				CLANG_WARN_NON_LITERAL_NULL_CONVERSION = YES;
				CLANG_WARN_OBJC_IMPLICIT_RETAIN_SELF = YES;
				CLANG_WARN_OBJC_LITERAL_CONVERSION = YES;
				CLANG_WARN_OBJC_ROOT_CLASS = YES_ERROR;
				CLANG_WARN_QUOTED_INCLUDE_IN_FRAMEWORK_HEADER = YES;
				CLANG_WARN_RANGE_LOOP_ANALYSIS = YES;
				CLANG_WARN_STRICT_PROTOTYPES = YES;
				CLANG_WARN_SUSPICIOUS_MOVE = YES;
				CLANG_WARN_UNGUARDED_AVAILABILITY = YES_AGGRESSIVE;
				CLANG_WARN_UNREACHABLE_CODE = YES;
				CLANG_WARN__DUPLICATE_METHOD_MATCH = YES;
				COPY_PHASE_STRIP = NO;
				DEBUG_INFORMATION_FORMAT = "dwarf-with-dsym";
				ENABLE_NS_ASSERTIONS = NO;
				ENABLE_STRICT_OBJC_MSGSEND = YES;
				GCC_C_LANGUAGE_STANDARD = gnu11;
				GCC_NO_COMMON_BLOCKS = YES;
				GCC_WARN_64_TO_32_BIT_CONVERSION = YES;
				GCC_WARN_ABOUT_RETURN_TYPE = YES_ERROR;
				GCC_WARN_UNDECLARED_SELECTOR = YES;
				GCC_WARN_UNINITIALIZED_AUTOS = YES_AGGRESSIVE;
				GCC_WARN_UNUSED_FUNCTION = YES;
				GCC_WARN_UNUSED_VARIABLE = YES;
				MACOSX_DEPLOYMENT_TARGET = 11.3;
				MTL_ENABLE_DEBUG_INFO = NO;
				MTL_FAST_MATH = YES;
				SDKROOT = macosx;
				SWIFT_COMPILATION_MODE = wholemodule;
				SWIFT_OPTIMIZATION_LEVEL = "-O";
			};
			name = Release;
		};
		A9CA48C62658F93F00BC09D5 /* Debug */ = {
			isa = XCBuildConfiguration;
			buildSettings = {
				CODE_SIGN_STYLE = Automatic;
				MACOSX_DEPLOYMENT_TARGET = 10.11;
				PRODUCT_NAME = ipatool;
				SWIFT_VERSION = 5.0;
			};
			name = Debug;
		};
		A9CA48C72658F93F00BC09D5 /* Release */ = {
			isa = XCBuildConfiguration;
			buildSettings = {
				CODE_SIGN_STYLE = Automatic;
				MACOSX_DEPLOYMENT_TARGET = 10.11;
				PRODUCT_NAME = ipatool;
				SWIFT_VERSION = 5.0;
			};
			name = Release;
		};
/* End XCBuildConfiguration section */

/* Begin XCConfigurationList section */
		A9CA48B92658F93F00BC09D5 /* Build configuration list for PBXProject "ipatool" */ = {
			isa = XCConfigurationList;
			buildConfigurations = (
				A9CA48C32658F93F00BC09D5 /* Debug */,
				A9CA48C42658F93F00BC09D5 /* Release */,
			);
			defaultConfigurationIsVisible = 0;
			defaultConfigurationName = Release;
		};
		A9CA48C52658F93F00BC09D5 /* Build configuration list for PBXNativeTarget "IPATool" */ = {
			isa = XCConfigurationList;
			buildConfigurations = (
				A9CA48C62658F93F00BC09D5 /* Debug */,
				A9CA48C72658F93F00BC09D5 /* Release */,
			);
			defaultConfigurationIsVisible = 0;
			defaultConfigurationName = Release;
		};
/* End XCConfigurationList section */

/* Begin XCRemoteSwiftPackageReference section */
		A9CA48C82658FB6900BC09D5 /* XCRemoteSwiftPackageReference "swift-argument-parser" */ = {
			isa = XCRemoteSwiftPackageReference;
			repositoryURL = "https://github.com/apple/swift-argument-parser";
			requirement = {
				kind = exactVersion;
				version = 0.4.3;
			};
		};
		A9CA48F32659423C00BC09D5 /* XCRemoteSwiftPackageReference "ZIPFoundation" */ = {
			isa = XCRemoteSwiftPackageReference;
			repositoryURL = "https://github.com/weichsel/ZIPFoundation.git";
			requirement = {
				kind = exactVersion;
				version = 0.9.12;
			};
		};
/* End XCRemoteSwiftPackageReference section */

/* Begin XCSwiftPackageProductDependency section */
		A9CA48C92658FB6900BC09D5 /* ArgumentParser */ = {
			isa = XCSwiftPackageProductDependency;
			package = A9CA48C82658FB6900BC09D5 /* XCRemoteSwiftPackageReference "swift-argument-parser" */;
			productName = ArgumentParser;
		};
		A9CA48F42659423C00BC09D5 /* ZIPFoundation */ = {
			isa = XCSwiftPackageProductDependency;
			package = A9CA48F32659423C00BC09D5 /* XCRemoteSwiftPackageReference "ZIPFoundation" */;
			productName = ZIPFoundation;
		};
/* End XCSwiftPackageProductDependency section */
	};
	rootObject = A9CA48B62658F93F00BC09D5 /* Project object */;
}
